
Microsoft Visual Studio Solution File, Format Version 12.00
# Visual Studio Version 17
VisualStudioVersion = 17.0.32112.339
MinimumVisualStudioVersion = 10.0.40219.1
Project("{9A19103F-16F7-4668-BE54-9A1E7A4F7556}") = "MedHelper.Tests", "MedHelper.Tests\MedHelper.Tests.csproj", "{98F3DB40-A2D0-48E3-828D-B3D52CE06950}"
EndProject
Project("{9A19103F-16F7-4668-BE54-9A1E7A4F7556}") = "MedHelper.DAL", "MedHelper.DAL\MedHelper.DAL.csproj", "{12F5695F-54F3-406E-B18B-A5022913BAC6}"
EndProject
Project("{9A19103F-16F7-4668-BE54-9A1E7A4F7556}") = "MedHelper.BLL", "MedHelper.BLL\MedHelper.BLL.csproj", "{CCF509A2-B11D-4C4A-B241-0CA2B8BE4199}"
EndProject
Project("{9A19103F-16F7-4668-BE54-9A1E7A4F7556}") = "MedHelper.Web", "MedHelper.Web\MedHelper.Web.csproj", "{F9B77ABC-C725-4A07-8FEA-BAC66FF10590}"
EndProject
Global
	GlobalSection(SolutionConfigurationPlatforms) = preSolution
		Debug|Any CPU = Debug|Any CPU
		Release|Any CPU = Release|Any CPU
	EndGlobalSection
	GlobalSection(ProjectConfigurationPlatforms) = postSolution
		{98F3DB40-A2D0-48E3-828D-B3D52CE06950}.Debug|Any CPU.ActiveCfg = Debug|Any CPU
		{98F3DB40-A2D0-48E3-828D-B3D52CE06950}.Debug|Any CPU.Build.0 = Debug|Any CPU
		{98F3DB40-A2D0-48E3-828D-B3D52CE06950}.Release|Any CPU.ActiveCfg = Release|Any CPU
		{98F3DB40-A2D0-48E3-828D-B3D52CE06950}.Release|Any CPU.Build.0 = Release|Any CPU
		{12F5695F-54F3-406E-B18B-A5022913BAC6}.Debug|Any CPU.ActiveCfg = Debug|Any CPU
		{12F5695F-54F3-406E-B18B-A5022913BAC6}.Debug|Any CPU.Build.0 = Debug|Any CPU
		{12F5695F-54F3-406E-B18B-A5022913BAC6}.Release|Any CPU.ActiveCfg = Release|Any CPU
		{12F5695F-54F3-406E-B18B-A5022913BAC6}.Release|Any CPU.Build.0 = Release|Any CPU
		{CCF509A2-B11D-4C4A-B241-0CA2B8BE4199}.Debug|Any CPU.ActiveCfg = Debug|Any CPU
		{CCF509A2-B11D-4C4A-B241-0CA2B8BE4199}.Debug|Any CPU.Build.0 = Debug|Any CPU
		{CCF509A2-B11D-4C4A-B241-0CA2B8BE4199}.Release|Any CPU.ActiveCfg = Release|Any CPU
		{CCF509A2-B11D-4C4A-B241-0CA2B8BE4199}.Release|Any CPU.Build.0 = Release|Any CPU
		{F9B77ABC-C725-4A07-8FEA-BAC66FF10590}.Debug|Any CPU.ActiveCfg = Debug|Any CPU
		{F9B77ABC-C725-4A07-8FEA-BAC66FF10590}.Debug|Any CPU.Build.0 = Debug|Any CPU
		{F9B77ABC-C725-4A07-8FEA-BAC66FF10590}.Release|Any CPU.ActiveCfg = Release|Any CPU
		{F9B77ABC-C725-4A07-8FEA-BAC66FF10590}.Release|Any CPU.Build.0 = Release|Any CPU
	EndGlobalSection
	GlobalSection(SolutionProperties) = preSolution
		HideSolutionNode = FALSE
	EndGlobalSection
	GlobalSection(ExtensibilityGlobals) = postSolution
		SolutionGuid = {60ABC6DE-F732-4D40-B02E-8FFD56EB14F0}
	EndGlobalSection
EndGlobal
